# THIS IS AN AUTOGENERATED FILE. DO NOT EDIT THIS FILE DIRECTLY.
# yarn lockfile v1


"JSV@>= 4.0.x":
  version "4.0.2"
  resolved "https://registry.yarnpkg.com/JSV/-/JSV-4.0.2.tgz#d077f6825571f82132f9dffaed587b4029feff57"

abbrev@1:
  version "1.0.9"
  resolved "https://registry.yarnpkg.com/abbrev/-/abbrev-1.0.9.tgz#91b4792588a7738c25f35dd6f63752a2f8776135"

amdefine@>=0.0.4:
  version "1.0.1"
  resolved "https://registry.yarnpkg.com/amdefine/-/amdefine-1.0.1.tgz#4a5282ac164729e93619bcfd3ad151f817ce91f5"

ansi-styles@~1.0.0:
  version "1.0.0"
  resolved "https://registry.yarnpkg.com/ansi-styles/-/ansi-styles-1.0.0.tgz#cb102df1c56f5123eab8b67cd7b98027a0279178"

"argparse@~ 0.1.11":
  version "0.1.16"
  resolved "https://registry.yarnpkg.com/argparse/-/argparse-0.1.16.tgz#cfd01e0fbba3d6caed049fbd758d40f65196f57c"
  dependencies:
    underscore "~1.7.0"
    underscore.string "~2.4.0"

async@~0.1.22:
  version "0.1.22"
  resolved "https://registry.yarnpkg.com/async/-/async-0.1.22.tgz#0fc1aaa088a0e3ef0ebe2d8831bab0dcf8845061"

async@~0.2.6, async@~0.2.9:
  version "0.2.10"
  resolved "https://registry.yarnpkg.com/async/-/async-0.2.10.tgz#b6bbe0b0674b9d719708ca38de8c237cb526c3d1"

atob@2.0.3:
  version "2.0.3"
  resolved "https://registry.yarnpkg.com/atob/-/atob-2.0.3.tgz#19c7a760473774468f20b2d2d03372ad7d4cbf5d"

bindings@^1.2.1, bindings@~1.2.1:
  version "1.2.1"
  resolved "https://registry.yarnpkg.com/bindings/-/bindings-1.2.1.tgz#14ad6113812d2d37d72e67b4cacb4bb726505f11"

buffer-shims@^1.0.0:
  version "1.0.0"
  resolved "https://registry.yarnpkg.com/buffer-shims/-/buffer-shims-1.0.0.tgz#9978ce317388c649ad8793028c3477ef044a8b51"

camelcase@^1.0.2:
  version "1.2.1"
  resolved "https://registry.yarnpkg.com/camelcase/-/camelcase-1.2.1.tgz#9bb5304d2e0b56698b2c758b08a3eaa9daa58a39"

chalk@~0.4.0:
  version "0.4.0"
  resolved "https://registry.yarnpkg.com/chalk/-/chalk-0.4.0.tgz#5199a3ddcd0c1efe23bc08c1b027b06176e0c64f"
  dependencies:
    ansi-styles "~1.0.0"
    has-color "~0.1.0"
    strip-ansi "~0.1.0"

cli@0.4.x:
  version "0.4.5"
  resolved "https://registry.yarnpkg.com/cli/-/cli-0.4.5.tgz#78f9485cd161b566e9a6c72d7170c4270e81db61"
  dependencies:
    glob ">= 3.1.4"

codemirror-infusion@2.2.0:
  version "2.2.0"
  resolved "https://registry.yarnpkg.com/codemirror-infusion/-/codemirror-infusion-2.2.0.tgz#5a23ec50eedd673fa1d95060eea52e31331cc5f9"
  dependencies:
    codemirror "5.21.0"
    infusion "2.0.0"
    jquery "3.1.1"
    json5 "0.5.1"
    jsonlint "1.6.2"

codemirror@5.21.0:
  version "5.21.0"
  resolved "https://registry.yarnpkg.com/codemirror/-/codemirror-5.21.0.tgz#9ec4caeda50807575b2115226bf12414f85d2246"

coffee-script@~1.3.3:
  version "1.3.3"
  resolved "https://registry.yarnpkg.com/coffee-script/-/coffee-script-1.3.3.tgz#150d6b4cb522894369efed6a2101c20bc7f4a4f4"

colors@~0.6.2:
  version "0.6.2"
  resolved "https://registry.yarnpkg.com/colors/-/colors-0.6.2.tgz#2423fe6678ac0c5dae8852e5d0e5be08c997abcc"

console-browserify@0.1.x:
  version "0.1.6"
  resolved "https://registry.yarnpkg.com/console-browserify/-/console-browserify-0.1.6.tgz#d128a3c0bb88350eb5626c6e7c71a6f0fd48983c"

core-util-is@~1.0.0:
  version "1.0.2"
  resolved "https://registry.yarnpkg.com/core-util-is/-/core-util-is-1.0.2.tgz#b5fd54220aa2bc5ab57aab7140c940754503c1a7"

dagre@0.7.4:
  version "0.7.4"
  resolved "https://registry.yarnpkg.com/dagre/-/dagre-0.7.4.tgz#de72f0e74a550ce11ce638f0a136fed712398022"
  dependencies:
    graphlib "^1.0.5"
    lodash "^3.10.0"

dateformat@1.0.2-1.2.3:
  version "1.0.2-1.2.3"
  resolved "https://registry.yarnpkg.com/dateformat/-/dateformat-1.0.2-1.2.3.tgz#b0220c02de98617433b72851cf47de3df2cdbee9"

debug@^2.2.0:
  version "2.4.4"
  resolved "https://registry.yarnpkg.com/debug/-/debug-2.4.4.tgz#c04d17a654e9202464803f096153f70a6f31f4be"
  dependencies:
    ms "0.7.2"

debug@~0.7.0:
  version "0.7.4"
  resolved "https://registry.yarnpkg.com/debug/-/debug-0.7.4.tgz#06e1ea8082c2cb14e39806e22e2f6f757f92af39"

decamelize@^1.0.0:
  version "1.2.0"
  resolved "https://registry.yarnpkg.com/decamelize/-/decamelize-1.2.0.tgz#f6534d15148269b20352e7bee26f501f9a191290"

domelementtype@1:
  version "1.3.0"
  resolved "https://registry.yarnpkg.com/domelementtype/-/domelementtype-1.3.0.tgz#b17aed82e8ab59e52dd9c19b1756e0fc187204c2"

domhandler@2.1:
  version "2.1.0"
  resolved "https://registry.yarnpkg.com/domhandler/-/domhandler-2.1.0.tgz#d2646f5e57f6c3bab11cf6cb05d3c0acf7412594"
  dependencies:
    domelementtype "1"

domutils@1.1:
  version "1.1.6"
  resolved "https://registry.yarnpkg.com/domutils/-/domutils-1.1.6.tgz#bddc3de099b9a2efacc51c623f28f416ecc57485"
  dependencies:
    domelementtype "1"

"esprima@~ 1.0.2":
  version "1.0.4"
  resolved "https://registry.yarnpkg.com/esprima/-/esprima-1.0.4.tgz#9f557e08fc3b4d26ece9dd34f8fbf476b62585ad"

eventemitter2@~0.4.13:
  version "0.4.14"
  resolved "https://registry.yarnpkg.com/eventemitter2/-/eventemitter2-0.4.14.tgz#8f61b75cde012b2e9eb284d4545583b5643b61ab"

exit@0.1.x, exit@~0.1.1:
  version "0.1.2"
  resolved "https://registry.yarnpkg.com/exit/-/exit-0.1.2.tgz#0632638f8d877cc82107d30a0fff1a17cba1cd0c"

faye-websocket@~0.4.3:
  version "0.4.4"
  resolved "https://registry.yarnpkg.com/faye-websocket/-/faye-websocket-0.4.4.tgz#c14c5b3bf14d7417ffbfd990c0a7495cd9f337bc"

findup-sync@~0.1.2:
  version "0.1.3"
  resolved "https://registry.yarnpkg.com/findup-sync/-/findup-sync-0.1.3.tgz#7f3e7a97b82392c653bf06589bd85190e93c3683"
  dependencies:
    glob "~3.2.9"
    lodash "~2.4.1"

fluid-resolve@1.2.0:
  version "1.2.0"
  resolved "https://registry.yarnpkg.com/fluid-resolve/-/fluid-resolve-1.2.0.tgz#9bf0f3e47a84d591d4ccc5fcda4909dfaea23590"

gaze@~0.5.1:
  version "0.5.2"
  resolved "https://registry.yarnpkg.com/gaze/-/gaze-0.5.2.tgz#40b709537d24d1d45767db5a908689dfe69ac44f"
  dependencies:
    globule "~0.1.0"

getobject@~0.1.0:
  version "0.1.0"
  resolved "https://registry.yarnpkg.com/getobject/-/getobject-0.1.0.tgz#047a449789fa160d018f5486ed91320b6ec7885c"

"glob@>= 3.1.4", glob@~3.2.9:
  version "3.2.11"
  resolved "https://registry.yarnpkg.com/glob/-/glob-3.2.11.tgz#4a973f635b9190f715d10987d5c00fd2815ebe3d"
  dependencies:
    inherits "2"
    minimatch "0.3"

glob@~3.1.21:
  version "3.1.21"
  resolved "https://registry.yarnpkg.com/glob/-/glob-3.1.21.tgz#d29e0a055dea5138f4d07ed40e8982e83c2066cd"
  dependencies:
    graceful-fs "~1.2.0"
    inherits "1"
    minimatch "~0.2.11"

globule@~0.1.0:
  version "0.1.0"
  resolved "https://registry.yarnpkg.com/globule/-/globule-0.1.0.tgz#d9c8edde1da79d125a151b79533b978676346ae5"
  dependencies:
    glob "~3.1.21"
    lodash "~1.0.1"
    minimatch "~0.2.11"

graceful-fs@~1.2.0:
  version "1.2.3"
  resolved "https://registry.yarnpkg.com/graceful-fs/-/graceful-fs-1.2.3.tgz#15a4806a57547cb2d2dbf27f42e89a8c3451b364"

graphlib@^1.0.5:
  version "1.0.7"
  resolved "https://registry.yarnpkg.com/graphlib/-/graphlib-1.0.7.tgz#0cab2df0ffe6abe070b2625bfa1edb6ec967b8b1"
  dependencies:
    lodash "^3.10.0"

grunt-contrib-clean@~0.4.1:
  version "0.4.1"
  resolved "https://registry.yarnpkg.com/grunt-contrib-clean/-/grunt-contrib-clean-0.4.1.tgz#7f8f46e2f2a7187e9c2d083ab30262aa6a64e334"

grunt-contrib-concat@~0.3.0:
  version "0.3.0"
  resolved "https://registry.yarnpkg.com/grunt-contrib-concat/-/grunt-contrib-concat-0.3.0.tgz#48fa0d4336d29b653ad8225a6bd6f856b4483e32"

grunt-contrib-copy@~0.4.1:
  version "0.4.1"
  resolved "https://registry.yarnpkg.com/grunt-contrib-copy/-/grunt-contrib-copy-0.4.1.tgz#f0753b40ae21bb706daefb0b299e03cdf5fa9d6e"

grunt-contrib-jshint@~0.8.0:
  version "0.8.0"
  resolved "https://registry.yarnpkg.com/grunt-contrib-jshint/-/grunt-contrib-jshint-0.8.0.tgz#6bd52325dcce1d995dbbf648030c59e1a606acda"
  dependencies:
    jshint "~2.4.0"

grunt-contrib-uglify@~0.3.2:
  version "0.3.3"
  resolved "https://registry.yarnpkg.com/grunt-contrib-uglify/-/grunt-contrib-uglify-0.3.3.tgz#91f04d2ae0984c8bdf73ae6ee23f13cd5c44f0af"
  dependencies:
    chalk "~0.4.0"
    grunt-lib-contrib "~0.6.1"
    uglify-js "~2.4.0"

grunt-contrib-watch@^0.6.1:
  version "0.6.1"
  resolved "https://registry.yarnpkg.com/grunt-contrib-watch/-/grunt-contrib-watch-0.6.1.tgz#64fdcba25a635f5b4da1b6ce6f90da0aeb6e3f15"
  dependencies:
    async "~0.2.9"
    gaze "~0.5.1"
    lodash "~2.4.1"
    tiny-lr-fork "0.0.5"

grunt-legacy-log-utils@~0.1.1:
  version "0.1.1"
  resolved "https://registry.yarnpkg.com/grunt-legacy-log-utils/-/grunt-legacy-log-utils-0.1.1.tgz#c0706b9dd9064e116f36f23fe4e6b048672c0f7e"
  dependencies:
    colors "~0.6.2"
    lodash "~2.4.1"
    underscore.string "~2.3.3"

grunt-legacy-log@~0.1.0:
  version "0.1.3"
  resolved "https://registry.yarnpkg.com/grunt-legacy-log/-/grunt-legacy-log-0.1.3.tgz#ec29426e803021af59029f87d2f9cd7335a05531"
  dependencies:
    colors "~0.6.2"
    grunt-legacy-log-utils "~0.1.1"
    hooker "~0.2.3"
    lodash "~2.4.1"
    underscore.string "~2.3.3"

grunt-legacy-util@~0.2.0:
  version "0.2.0"
  resolved "https://registry.yarnpkg.com/grunt-legacy-util/-/grunt-legacy-util-0.2.0.tgz#93324884dbf7e37a9ff7c026dff451d94a9e554b"
  dependencies:
    async "~0.1.22"
    exit "~0.1.1"
    getobject "~0.1.0"
    hooker "~0.2.3"
    lodash "~0.9.2"
    underscore.string "~2.2.1"
    which "~1.0.5"

grunt-lib-contrib@~0.6.1:
  version "0.6.1"
  resolved "https://registry.yarnpkg.com/grunt-lib-contrib/-/grunt-lib-contrib-0.6.1.tgz#3f56adb7da06e814795ee2415b0ebe5fb8903ebb"
  dependencies:
    zlib-browserify "0.0.1"

grunt@~0.4.2:
  version "0.4.5"
  resolved "https://registry.yarnpkg.com/grunt/-/grunt-0.4.5.tgz#56937cd5194324adff6d207631832a9d6ba4e7f0"
  dependencies:
    async "~0.1.22"
    coffee-script "~1.3.3"
    colors "~0.6.2"
    dateformat "1.0.2-1.2.3"
    eventemitter2 "~0.4.13"
    exit "~0.1.1"
    findup-sync "~0.1.2"
    getobject "~0.1.0"
    glob "~3.1.21"
    grunt-legacy-log "~0.1.0"
    grunt-legacy-util "~0.2.0"
    hooker "~0.2.3"
    iconv-lite "~0.2.11"
    js-yaml "~2.0.5"
    lodash "~0.9.2"
    minimatch "~0.2.12"
    nopt "~1.0.10"
    rimraf "~2.2.8"
    underscore.string "~2.2.1"
    which "~1.0.5"

has-color@~0.1.0:
  version "0.1.7"
  resolved "https://registry.yarnpkg.com/has-color/-/has-color-0.1.7.tgz#67144a5260c34fc3cca677d041daf52fe7b78b2f"

hooker@~0.2.3:
  version "0.2.3"
  resolved "https://registry.yarnpkg.com/hooker/-/hooker-0.2.3.tgz#b834f723cc4a242aa65963459df6d984c5d3d959"

htmlparser2@3.3.x:
  version "3.3.0"
  resolved "https://registry.yarnpkg.com/htmlparser2/-/htmlparser2-3.3.0.tgz#cc70d05a59f6542e43f0e685c982e14c924a9efe"
  dependencies:
    domelementtype "1"
    domhandler "2.1"
    domutils "1.1"
    readable-stream "1.0"

iconv-lite@~0.2.11:
  version "0.2.11"
  resolved "https://registry.yarnpkg.com/iconv-lite/-/iconv-lite-0.2.11.tgz#1ce60a3a57864a292d1321ff4609ca4bb965adc8"

infusion@2.0.0:
  version "2.0.0"
  resolved "https://registry.yarnpkg.com/infusion/-/infusion-2.0.0.tgz#19e49594e893837daac20774c8d261b85bd0db4c"
  dependencies:
    fluid-resolve "1.2.0"

infusion@2.0.0-dev.20151130T180545Z.18ee3f8:
  version "2.0.0-dev.20151130T180545Z.18ee3f8"
  resolved "https://registry.yarnpkg.com/infusion/-/infusion-2.0.0-dev.20151130T180545Z.18ee3f8.tgz#07ade23574f012178be2218a8f5141bab14bdaa2"
  dependencies:
    resolve "1.1.6"

inherits@1:
  version "1.0.2"
  resolved "https://registry.yarnpkg.com/inherits/-/inherits-1.0.2.tgz#ca4309dadee6b54cc0b8d247e8d7c7a0975bdc9b"

inherits@2, inherits@~2.0.1:
  version "2.0.3"
  resolved "https://registry.yarnpkg.com/inherits/-/inherits-2.0.3.tgz#633c2c83e3da42a502f52466022480f4208261de"

isarray@0.0.1:
  version "0.0.1"
  resolved "https://registry.yarnpkg.com/isarray/-/isarray-0.0.1.tgz#8a18acfca9a8f4177e09abfc6038939b05d1eedf"

isarray@~1.0.0:
  version "1.0.0"
  resolved "https://registry.yarnpkg.com/isarray/-/isarray-1.0.0.tgz#bb935d48582cba168c06834957a54a3e07124f11"

jquery@2.2.4:
  version "2.2.4"
  resolved "https://registry.yarnpkg.com/jquery/-/jquery-2.2.4.tgz#2c89d6889b5eac522a7eea32c14521559c6cbf02"

jquery@3.1.1:
  version "3.1.1"
  resolved "https://registry.yarnpkg.com/jquery/-/jquery-3.1.1.tgz#347c1c21c7e004115e0a4da32cece041fad3c8a3"

js-yaml@~2.0.5:
  version "2.0.5"
  resolved "https://registry.yarnpkg.com/js-yaml/-/js-yaml-2.0.5.tgz#a25ae6509999e97df278c6719da11bd0687743a8"
  dependencies:
    argparse "~ 0.1.11"
    esprima "~ 1.0.2"

jshint@~2.4.0:
  version "2.4.4"
  resolved "https://registry.yarnpkg.com/jshint/-/jshint-2.4.4.tgz#4162238314c649f987752651e8e064e30a68706e"
  dependencies:
    cli "0.4.x"
    console-browserify "0.1.x"
    exit "0.1.x"
    htmlparser2 "3.3.x"
    minimatch "0.x.x"
    shelljs "0.1.x"
    underscore "1.4.x"

json5@0.5.1:
  version "0.5.1"
  resolved "https://registry.yarnpkg.com/json5/-/json5-0.5.1.tgz#1eade7acc012034ad84e2396767ead9fa5495821"

jsonlint@1.6.2:
  version "1.6.2"
  resolved "https://registry.yarnpkg.com/jsonlint/-/jsonlint-1.6.2.tgz#5737045085f55eb455c68b1ff4ebc01bd50e8830"
  dependencies:
    JSV ">= 4.0.x"
    nomnom ">= 1.5.x"

jsplumb@1.7.9:
  version "1.7.9"
  resolved "https://registry.yarnpkg.com/jsplumb/-/jsplumb-1.7.9.tgz#137bf3ab2ed731e55b8179d83a82fc15a6fa69ef"

lodash@^3.10.0:
  version "3.10.1"
  resolved "https://registry.yarnpkg.com/lodash/-/lodash-3.10.1.tgz#5bf45e8e49ba4189e17d482789dfd15bd140b7b6"

lodash@~0.9.2:
  version "0.9.2"
  resolved "https://registry.yarnpkg.com/lodash/-/lodash-0.9.2.tgz#8f3499c5245d346d682e5b0d3b40767e09f1a92c"

lodash@~1.0.1:
  version "1.0.2"
  resolved "https://registry.yarnpkg.com/lodash/-/lodash-1.0.2.tgz#8f57560c83b59fc270bd3d561b690043430e2551"

lodash@~2.4.1:
  version "2.4.2"
  resolved "https://registry.yarnpkg.com/lodash/-/lodash-2.4.2.tgz#fadd834b9683073da179b3eae6d9c0d15053f73e"

lru-cache@2:
  version "2.7.3"
  resolved "https://registry.yarnpkg.com/lru-cache/-/lru-cache-2.7.3.tgz#6d4524e8b955f95d4f5b58851ce21dd72fb4e952"

midi@0.9.5:
  version "0.9.5"
  resolved "https://registry.yarnpkg.com/midi/-/midi-0.9.5.tgz#fc323aff3e81b0d4099caeead535ba679c6e9d88"
  dependencies:
    bindings "~1.2.1"
    nan "^2.3.3"

minimatch@0.3:
  version "0.3.0"
  resolved "https://registry.yarnpkg.com/minimatch/-/minimatch-0.3.0.tgz#275d8edaac4f1bb3326472089e7949c8394699dd"
  dependencies:
    lru-cache "2"
    sigmund "~1.0.0"

minimatch@0.x.x, minimatch@~0.2.11, minimatch@~0.2.12:
  version "0.2.14"
  resolved "https://registry.yarnpkg.com/minimatch/-/minimatch-0.2.14.tgz#c74e780574f63c6f9a090e90efbe6ef53a6a756a"
  dependencies:
    lru-cache "2"
    sigmund "~1.0.0"

ms@0.7.2:
  version "0.7.2"
  resolved "https://registry.yarnpkg.com/ms/-/ms-0.7.2.tgz#ae25cf2512b3885a1d95d7f037868d8431124765"

nan@^2.3.3:
  version "2.4.0"
  resolved "https://registry.yarnpkg.com/nan/-/nan-2.4.0.tgz#fb3c59d45fe4effe215f0b890f8adf6eb32d2232"

node-jqunit@1.1.4:
  version "1.1.4"
  resolved "https://registry.yarnpkg.com/node-jqunit/-/node-jqunit-1.1.4.tgz#682956a4adab3258e1da9b6d98cac488ae122744"
  dependencies:
    infusion "2.0.0-dev.20151130T180545Z.18ee3f8"

"nomnom@>= 1.5.x":
  version "1.8.1"
  resolved "https://registry.yarnpkg.com/nomnom/-/nomnom-1.8.1.tgz#2151f722472ba79e50a76fc125bb8c8f2e4dc2a7"
  dependencies:
    chalk "~0.4.0"
    underscore "~1.6.0"

nopt@~1.0.10:
  version "1.0.10"
  resolved "https://registry.yarnpkg.com/nopt/-/nopt-1.0.10.tgz#6ddd21bd2a31417b92727dd585f8a6f37608ebee"
  dependencies:
    abbrev "1"

nopt@~2.0.0:
  version "2.0.0"
  resolved "https://registry.yarnpkg.com/nopt/-/nopt-2.0.0.tgz#ca7416f20a5e3f9c3b86180f96295fa3d0b52e0d"
  dependencies:
    abbrev "1"

noptify@~0.0.3:
  version "0.0.3"
  resolved "https://registry.yarnpkg.com/noptify/-/noptify-0.0.3.tgz#58f654a73d9753df0c51d9686dc92104a67f4bbb"
  dependencies:
    nopt "~2.0.0"

normalize.css@3.0.3:
  version "3.0.3"
  resolved "https://registry.yarnpkg.com/normalize.css/-/normalize.css-3.0.3.tgz#acc00262e235a2caa91363a2e5e3bfa4f8ad05c6"

process-nextick-args@~1.0.6:
  version "1.0.7"
  resolved "https://registry.yarnpkg.com/process-nextick-args/-/process-nextick-args-1.0.7.tgz#150e20b756590ad3f91093f25a4f2ad8bff30ba3"

qs@~0.5.2:
  version "0.5.6"
  resolved "https://registry.yarnpkg.com/qs/-/qs-0.5.6.tgz#31b1ad058567651c526921506b9a8793911a0384"

readable-stream@1.0:
  version "1.0.34"
  resolved "https://registry.yarnpkg.com/readable-stream/-/readable-stream-1.0.34.tgz#125820e34bc842d2f2aaafafe4c2916ee32c157c"
  dependencies:
    core-util-is "~1.0.0"
    inherits "~2.0.1"
    isarray "0.0.1"
    string_decoder "~0.10.x"

readable-stream@^2.1.2:
  version "2.2.2"
  resolved "https://registry.yarnpkg.com/readable-stream/-/readable-stream-2.2.2.tgz#a9e6fec3c7dda85f8bb1b3ba7028604556fc825e"
  dependencies:
    buffer-shims "^1.0.0"
    core-util-is "~1.0.0"
    inherits "~2.0.1"
    isarray "~1.0.0"
    process-nextick-args "~1.0.6"
    string_decoder "~0.10.x"
    util-deprecate "~1.0.1"

requirejs@2.3.2:
  version "2.3.2"
  resolved "https://registry.yarnpkg.com/requirejs/-/requirejs-2.3.2.tgz#0eaa870d4c7db3b15dd1322e6b65b0388fc4b2c6"

resolve@1.1.6:
  version "1.1.6"
  resolved "https://registry.yarnpkg.com/resolve/-/resolve-1.1.6.tgz#d3492ad054ca800f5befa612e61beac1eec98f8f"

rimraf@~2.2.8:
  version "2.2.8"
  resolved "https://registry.yarnpkg.com/rimraf/-/rimraf-2.2.8.tgz#e439be2aaee327321952730f99a8929e4fc50582"

sheep-benchmark@colinbdclark/sheep.js:
  version "0.1.0"
  resolved "https://codeload.github.com/colinbdclark/sheep.js/tar.gz/43d3c931053e0949fa33ea9fd4af0f4633742502"

shelljs@0.1.x:
  version "0.1.4"
  resolved "https://registry.yarnpkg.com/shelljs/-/shelljs-0.1.4.tgz#dfbbe78d56c3c0168d2fb79e10ecd1dbcb07ec0e"

sigmund@~1.0.0:
  version "1.0.1"
  resolved "https://registry.yarnpkg.com/sigmund/-/sigmund-1.0.1.tgz#3ff21f198cad2175f9f3b781853fd94d0d19b590"

source-map@0.1.34:
  version "0.1.34"
  resolved "https://registry.yarnpkg.com/source-map/-/source-map-0.1.34.tgz#a7cfe89aec7b1682c3b198d0acfb47d7d090566b"
  dependencies:
    amdefine ">=0.0.4"

speaker@colinbdclark/node-speaker#mpg123-lower-latency:
  version "0.3.0"
  resolved "https://codeload.github.com/colinbdclark/node-speaker/tar.gz/41f80749d7fe3eea2c4c391c9330383cf537dd36"
  dependencies:
    bindings "^1.2.1"
    debug "^2.2.0"
    nan "^2.3.3"
    readable-stream "^2.1.2"

string_decoder@~0.10.x:
  version "0.10.31"
  resolved "https://registry.yarnpkg.com/string_decoder/-/string_decoder-0.10.31.tgz#62e203bc41766c6c28c9fc84301dab1c5310fa94"

strip-ansi@~0.1.0:
  version "0.1.1"
  resolved "https://registry.yarnpkg.com/strip-ansi/-/strip-ansi-0.1.1.tgz#39e8a98d044d150660abe4a6808acf70bb7bc991"

tiny-lr-fork@0.0.5:
  version "0.0.5"
  resolved "https://registry.yarnpkg.com/tiny-lr-fork/-/tiny-lr-fork-0.0.5.tgz#1e99e1e2a8469b736ab97d97eefa98c71f76ed0a"
  dependencies:
    debug "~0.7.0"
    faye-websocket "~0.4.3"
    noptify "~0.0.3"
    qs "~0.5.2"

uglify-js@~2.4.0:
  version "2.4.24"
  resolved "https://registry.yarnpkg.com/uglify-js/-/uglify-js-2.4.24.tgz#fad5755c1e1577658bb06ff9ab6e548c95bebd6e"
  dependencies:
    async "~0.2.6"
    source-map "0.1.34"
    uglify-to-browserify "~1.0.0"
    yargs "~3.5.4"

uglify-to-browserify@~1.0.0:
  version "1.0.2"
  resolved "https://registry.yarnpkg.com/uglify-to-browserify/-/uglify-to-browserify-1.0.2.tgz#6e0924d6bda6b5afe349e39a6d632850a0f882b7"

underscore.string@~2.2.1:
  version "2.2.1"
  resolved "https://registry.yarnpkg.com/underscore.string/-/underscore.string-2.2.1.tgz#d7c0fa2af5d5a1a67f4253daee98132e733f0f19"

underscore.string@~2.3.3:
  version "2.3.3"
  resolved "https://registry.yarnpkg.com/underscore.string/-/underscore.string-2.3.3.tgz#71c08bf6b428b1133f37e78fa3a21c82f7329b0d"

underscore.string@~2.4.0:
  version "2.4.0"
  resolved "https://registry.yarnpkg.com/underscore.string/-/underscore.string-2.4.0.tgz#8cdd8fbac4e2d2ea1e7e2e8097c42f442280f85b"

underscore@1.4.x:
  version "1.4.4"
  resolved "https://registry.yarnpkg.com/underscore/-/underscore-1.4.4.tgz#61a6a32010622afa07963bf325203cf12239d604"

underscore@~1.6.0:
  version "1.6.0"
  resolved "https://registry.yarnpkg.com/underscore/-/underscore-1.6.0.tgz#8b38b10cacdef63337b8b24e4ff86d45aea529a8"

underscore@~1.7.0:
  version "1.7.0"
  resolved "https://registry.yarnpkg.com/underscore/-/underscore-1.7.0.tgz#6bbaf0877500d36be34ecaa584e0db9fef035209"

util-deprecate@~1.0.1:
  version "1.0.2"
  resolved "https://registry.yarnpkg.com/util-deprecate/-/util-deprecate-1.0.2.tgz#450d4dc9fa70de732762fbd2d4a28981419a0ccf"

which@~1.0.5:
  version "1.0.9"
  resolved "https://registry.yarnpkg.com/which/-/which-1.0.9.tgz#460c1da0f810103d0321a9b633af9e575e64486f"

window-size@0.1.0:
  version "0.1.0"
  resolved "https://registry.yarnpkg.com/window-size/-/window-size-0.1.0.tgz#5438cd2ea93b202efa3a19fe8887aee7c94f9c9d"

wordwrap@0.0.2:
  version "0.0.2"
  resolved "https://registry.yarnpkg.com/wordwrap/-/wordwrap-0.0.2.tgz#b79669bb42ecb409f83d583cad52ca17eaa1643f"

yargs@~3.5.4:
  version "3.5.4"
  resolved "https://registry.yarnpkg.com/yargs/-/yargs-3.5.4.tgz#d8aff8f665e94c34bd259bdebd1bfaf0ddd35361"
  dependencies:
    camelcase "^1.0.2"
    decamelize "^1.0.0"
    window-size "0.1.0"
    wordwrap "0.0.2"

zlib-browserify@0.0.1:
  version "0.0.1"
  resolved "https://registry.yarnpkg.com/zlib-browserify/-/zlib-browserify-0.0.1.tgz#4fa6a45d00dbc15f318a4afa1d9afc0258e176cc"
